
Microsoft Visual Studio Solution File, Format Version 12.00
# Visual Studio 15
VisualStudioVersion = 15.0.27004.2009
MinimumVisualStudioVersion = 10.0.40219.1
Project("{FAE04EC0-301F-11D3-BF4B-00C04F79EFBC}") = "Problem2.Extended_Database", "Problem2.Extended_Database\Problem2.Extended_Database.csproj", "{85425FAB-A146-4B2C-BBCE-ABA2C43BCB17}"
EndProject
Project("{FAE04EC0-301F-11D3-BF4B-00C04F79EFBC}") = "Database.Tests", "Database.Tests\Database.Tests.csproj", "{5EDFFB2D-FE59-46AA-B512-164A497451A5}"
EndProject
Global
	GlobalSection(SolutionConfigurationPlatforms) = preSolution
		Debug|Any CPU = Debug|Any CPU
		Release|Any CPU = Release|Any CPU
	EndGlobalSection
	GlobalSection(ProjectConfigurationPlatforms) = postSolution
		{85425FAB-A146-4B2C-BBCE-ABA2C43BCB17}.Debug|Any CPU.ActiveCfg = Debug|Any CPU
		{85425FAB-A146-4B2C-BBCE-ABA2C43BCB17}.Debug|Any CPU.Build.0 = Debug|Any CPU
		{85425FAB-A146-4B2C-BBCE-ABA2C43BCB17}.Release|Any CPU.ActiveCfg = Release|Any CPU
		{85425FAB-A146-4B2C-BBCE-ABA2C43BCB17}.Release|Any CPU.Build.0 = Release|Any CPU
		{5EDFFB2D-FE59-46AA-B512-164A497451A5}.Debug|Any CPU.ActiveCfg = Debug|Any CPU
		{5EDFFB2D-FE59-46AA-B512-164A497451A5}.Debug|Any CPU.Build.0 = Debug|Any CPU
		{5EDFFB2D-FE59-46AA-B512-164A497451A5}.Release|Any CPU.ActiveCfg = Release|Any CPU
		{5EDFFB2D-FE59-46AA-B512-164A497451A5}.Release|Any CPU.Build.0 = Release|Any CPU
	EndGlobalSection
	GlobalSection(SolutionProperties) = preSolution
		HideSolutionNode = FALSE
	EndGlobalSection
	GlobalSection(ExtensibilityGlobals) = postSolution
		SolutionGuid = {44C15AFE-2EEC-4D38-8CEB-268F4B6F5318}
	EndGlobalSection
EndGlobal
