
Microsoft Visual Studio Solution File, Format Version 12.00
# Visual Studio 15
VisualStudioVersion = 15.0.27004.2009
MinimumVisualStudioVersion = 10.0.40219.1
Project("{FAE04EC0-301F-11D3-BF4B-00C04F79EFBC}") = "Problem3.Stack", "Problem3.Stack\Problem3.Stack.csproj", "{96416E1A-036E-4A9E-8FA0-67C8D149ED59}"
EndProject
Global
	GlobalSection(SolutionConfigurationPlatforms) = preSolution
		Debug|Any CPU = Debug|Any CPU
		Release|Any CPU = Release|Any CPU
	EndGlobalSection
	GlobalSection(ProjectConfigurationPlatforms) = postSolution
		{96416E1A-036E-4A9E-8FA0-67C8D149ED59}.Debug|Any CPU.ActiveCfg = Debug|Any CPU
		{96416E1A-036E-4A9E-8FA0-67C8D149ED59}.Debug|Any CPU.Build.0 = Debug|Any CPU
		{96416E1A-036E-4A9E-8FA0-67C8D149ED59}.Release|Any CPU.ActiveCfg = Release|Any CPU
		{96416E1A-036E-4A9E-8FA0-67C8D149ED59}.Release|Any CPU.Build.0 = Release|Any CPU
	EndGlobalSection
	GlobalSection(SolutionProperties) = preSolution
		HideSolutionNode = FALSE
	EndGlobalSection
	GlobalSection(ExtensibilityGlobals) = postSolution
		SolutionGuid = {F8D579A1-0ABC-4A54-9692-A6E8A6E5793F}
	EndGlobalSection
EndGlobal
